
Microsoft Visual Studio Solution File, Format Version 12.00
# Visual Studio Version 16
VisualStudioVersion = 16.0.29613.14
MinimumVisualStudioVersion = 10.0.40219.1
Project("{9A19103F-16F7-4668-BE54-9A1E7A4F7556}") = "Project.DAL", "Project.DAL\Project.DAL.csproj", "{A376938E-8674-4BC5-AF10-C5D1F025DC62}"
EndProject
Project("{9A19103F-16F7-4668-BE54-9A1E7A4F7556}") = "Project.BLL", "Project.BLL\Project.BLL.csproj", "{EA062C82-3814-42A1-B412-AC9C1BDFD1BE}"
EndProject
Project("{9A19103F-16F7-4668-BE54-9A1E7A4F7556}") = "Project.API", "Project.API\Project.API.csproj", "{77DE45C6-88AB-494D-AE6F-3212B0F5C46B}"
EndProject
Project("{9A19103F-16F7-4668-BE54-9A1E7A4F7556}") = "AuthServer", "AuthServer\AuthServer.csproj", "{B1763C8F-F436-40DE-BB0A-9128E22BC6C2}"
EndProject
Global
	GlobalSection(SolutionConfigurationPlatforms) = preSolution
		Debug|Any CPU = Debug|Any CPU
		Release|Any CPU = Release|Any CPU
	EndGlobalSection
	GlobalSection(ProjectConfigurationPlatforms) = postSolution
		{A376938E-8674-4BC5-AF10-C5D1F025DC62}.Debug|Any CPU.ActiveCfg = Debug|Any CPU
		{A376938E-8674-4BC5-AF10-C5D1F025DC62}.Debug|Any CPU.Build.0 = Debug|Any CPU
		{A376938E-8674-4BC5-AF10-C5D1F025DC62}.Release|Any CPU.ActiveCfg = Release|Any CPU
		{A376938E-8674-4BC5-AF10-C5D1F025DC62}.Release|Any CPU.Build.0 = Release|Any CPU
		{EA062C82-3814-42A1-B412-AC9C1BDFD1BE}.Debug|Any CPU.ActiveCfg = Debug|Any CPU
		{EA062C82-3814-42A1-B412-AC9C1BDFD1BE}.Debug|Any CPU.Build.0 = Debug|Any CPU
		{EA062C82-3814-42A1-B412-AC9C1BDFD1BE}.Release|Any CPU.ActiveCfg = Release|Any CPU
		{EA062C82-3814-42A1-B412-AC9C1BDFD1BE}.Release|Any CPU.Build.0 = Release|Any CPU
		{77DE45C6-88AB-494D-AE6F-3212B0F5C46B}.Debug|Any CPU.ActiveCfg = Debug|Any CPU
		{77DE45C6-88AB-494D-AE6F-3212B0F5C46B}.Debug|Any CPU.Build.0 = Debug|Any CPU
		{77DE45C6-88AB-494D-AE6F-3212B0F5C46B}.Release|Any CPU.ActiveCfg = Release|Any CPU
		{77DE45C6-88AB-494D-AE6F-3212B0F5C46B}.Release|Any CPU.Build.0 = Release|Any CPU
		{B1763C8F-F436-40DE-BB0A-9128E22BC6C2}.Debug|Any CPU.ActiveCfg = Debug|Any CPU
		{B1763C8F-F436-40DE-BB0A-9128E22BC6C2}.Debug|Any CPU.Build.0 = Debug|Any CPU
		{B1763C8F-F436-40DE-BB0A-9128E22BC6C2}.Release|Any CPU.ActiveCfg = Release|Any CPU
		{B1763C8F-F436-40DE-BB0A-9128E22BC6C2}.Release|Any CPU.Build.0 = Release|Any CPU
	EndGlobalSection
	GlobalSection(SolutionProperties) = preSolution
		HideSolutionNode = FALSE
	EndGlobalSection
	GlobalSection(ExtensibilityGlobals) = postSolution
		SolutionGuid = {2726A2E8-0616-4F2F-A390-039C7062C9B2}
	EndGlobalSection
EndGlobal
