
Microsoft Visual Studio Solution File, Format Version 12.00
# Visual Studio Version 16
VisualStudioVersion = 16.0.29613.14
MinimumVisualStudioVersion = 10.0.40219.1
Project("{FAE04EC0-301F-11D3-BF4B-00C04F79EFBC}") = "Project.DAL", "Project.DAL\Project.DAL.csproj", "{1EE6795F-DE3D-4E6C-A125-CB91DF81F063}"
EndProject
Project("{FAE04EC0-301F-11D3-BF4B-00C04F79EFBC}") = "Project.BLL", "Project.BLL\Project.BLL.csproj", "{1DEAD627-6E4B-4A8F-B0BF-DD1793EB5BA0}"
EndProject
Project("{FAE04EC0-301F-11D3-BF4B-00C04F79EFBC}") = "Project.WebAPI", "Project.WebAPI\Project.WebAPI.csproj", "{7612FF78-9091-4BA4-A100-316325455F91}"
EndProject
Global
	GlobalSection(SolutionConfigurationPlatforms) = preSolution
		Debug|Any CPU = Debug|Any CPU
		Release|Any CPU = Release|Any CPU
	EndGlobalSection
	GlobalSection(ProjectConfigurationPlatforms) = postSolution
		{1EE6795F-DE3D-4E6C-A125-CB91DF81F063}.Debug|Any CPU.ActiveCfg = Debug|Any CPU
		{1EE6795F-DE3D-4E6C-A125-CB91DF81F063}.Debug|Any CPU.Build.0 = Debug|Any CPU
		{1EE6795F-DE3D-4E6C-A125-CB91DF81F063}.Release|Any CPU.ActiveCfg = Release|Any CPU
		{1EE6795F-DE3D-4E6C-A125-CB91DF81F063}.Release|Any CPU.Build.0 = Release|Any CPU
		{1DEAD627-6E4B-4A8F-B0BF-DD1793EB5BA0}.Debug|Any CPU.ActiveCfg = Debug|Any CPU
		{1DEAD627-6E4B-4A8F-B0BF-DD1793EB5BA0}.Debug|Any CPU.Build.0 = Debug|Any CPU
		{1DEAD627-6E4B-4A8F-B0BF-DD1793EB5BA0}.Release|Any CPU.ActiveCfg = Release|Any CPU
		{1DEAD627-6E4B-4A8F-B0BF-DD1793EB5BA0}.Release|Any CPU.Build.0 = Release|Any CPU
		{7612FF78-9091-4BA4-A100-316325455F91}.Debug|Any CPU.ActiveCfg = Debug|Any CPU
		{7612FF78-9091-4BA4-A100-316325455F91}.Debug|Any CPU.Build.0 = Debug|Any CPU
		{7612FF78-9091-4BA4-A100-316325455F91}.Release|Any CPU.ActiveCfg = Release|Any CPU
		{7612FF78-9091-4BA4-A100-316325455F91}.Release|Any CPU.Build.0 = Release|Any CPU
	EndGlobalSection
	GlobalSection(SolutionProperties) = preSolution
		HideSolutionNode = FALSE
	EndGlobalSection
	GlobalSection(ExtensibilityGlobals) = postSolution
		SolutionGuid = {2726A2E8-0616-4F2F-A390-039C7062C9B2}
	EndGlobalSection
EndGlobal
